
Microsoft Visual Studio Solution File, Format Version 12.00
# Visual Studio Version 17
VisualStudioVersion = 17.2.32616.157
MinimumVisualStudioVersion = 10.0.40219.1
Project("{9A19103F-16F7-4668-BE54-9A1E7A4F7556}") = "WilWa.Website", "WilWa.Website\WilWa.Website.csproj", "{15F31E83-FC55-466D-9004-990DF6494F8A}"
EndProject
Project("{E53339B2-1760-4266-BCC7-CA923CBCF16C}") = "docker-compose", "Docker\docker-compose.dcproj", "{D38F3974-E63F-4C20-BF6B-6710E3538E4E}"
EndProject
Project("{2150E333-8FDC-42A3-9474-1A3956D46DE8}") = "devHttps", "devHttps", "{AEB07293-52E2-4CFC-B34A-F5ED6B34B00C}"
	ProjectSection(SolutionItems) = preProject
		devHttps\Create-Cert.ps1 = devHttps\Create-Cert.ps1
	EndProjectSection
EndProject
Project("{54A90642-561A-4BB1-A94E-469ADEE60C69}") = "website-vue", "website-vue\website-vue.esproj", "{6E221E9D-7397-45CE-A091-13B159C0D494}"
EndProject
Global
	GlobalSection(SolutionConfigurationPlatforms) = preSolution
		Debug|Any CPU = Debug|Any CPU
		Debug|x86 = Debug|x86
		Release|Any CPU = Release|Any CPU
		Release|x86 = Release|x86
	EndGlobalSection
	GlobalSection(ProjectConfigurationPlatforms) = postSolution
		{15F31E83-FC55-466D-9004-990DF6494F8A}.Debug|Any CPU.ActiveCfg = Debug|Any CPU
		{15F31E83-FC55-466D-9004-990DF6494F8A}.Debug|Any CPU.Build.0 = Debug|Any CPU
		{15F31E83-FC55-466D-9004-990DF6494F8A}.Debug|x86.ActiveCfg = Debug|Any CPU
		{15F31E83-FC55-466D-9004-990DF6494F8A}.Debug|x86.Build.0 = Debug|Any CPU
		{15F31E83-FC55-466D-9004-990DF6494F8A}.Release|Any CPU.ActiveCfg = Release|Any CPU
		{15F31E83-FC55-466D-9004-990DF6494F8A}.Release|Any CPU.Build.0 = Release|Any CPU
		{15F31E83-FC55-466D-9004-990DF6494F8A}.Release|x86.ActiveCfg = Release|Any CPU
		{15F31E83-FC55-466D-9004-990DF6494F8A}.Release|x86.Build.0 = Release|Any CPU
		{D38F3974-E63F-4C20-BF6B-6710E3538E4E}.Debug|Any CPU.ActiveCfg = Debug|Any CPU
		{D38F3974-E63F-4C20-BF6B-6710E3538E4E}.Debug|Any CPU.Build.0 = Debug|Any CPU
		{D38F3974-E63F-4C20-BF6B-6710E3538E4E}.Debug|x86.ActiveCfg = Debug|Any CPU
		{D38F3974-E63F-4C20-BF6B-6710E3538E4E}.Debug|x86.Build.0 = Debug|Any CPU
		{D38F3974-E63F-4C20-BF6B-6710E3538E4E}.Release|Any CPU.ActiveCfg = Release|Any CPU
		{D38F3974-E63F-4C20-BF6B-6710E3538E4E}.Release|Any CPU.Build.0 = Release|Any CPU
		{D38F3974-E63F-4C20-BF6B-6710E3538E4E}.Release|x86.ActiveCfg = Release|Any CPU
		{D38F3974-E63F-4C20-BF6B-6710E3538E4E}.Release|x86.Build.0 = Release|Any CPU
		{6E221E9D-7397-45CE-A091-13B159C0D494}.Debug|Any CPU.ActiveCfg = Debug|Any CPU
		{6E221E9D-7397-45CE-A091-13B159C0D494}.Debug|x86.ActiveCfg = Debug|Any CPU
		{6E221E9D-7397-45CE-A091-13B159C0D494}.Debug|x86.Build.0 = Debug|Any CPU
		{6E221E9D-7397-45CE-A091-13B159C0D494}.Debug|x86.Deploy.0 = Debug|Any CPU
		{6E221E9D-7397-45CE-A091-13B159C0D494}.Release|Any CPU.ActiveCfg = Release|Any CPU
		{6E221E9D-7397-45CE-A091-13B159C0D494}.Release|x86.ActiveCfg = Release|Any CPU
		{6E221E9D-7397-45CE-A091-13B159C0D494}.Release|x86.Build.0 = Release|Any CPU
		{6E221E9D-7397-45CE-A091-13B159C0D494}.Release|x86.Deploy.0 = Release|Any CPU
	EndGlobalSection
	GlobalSection(SolutionProperties) = preSolution
		HideSolutionNode = FALSE
	EndGlobalSection
	GlobalSection(ExtensibilityGlobals) = postSolution
		SolutionGuid = {74F7D467-72BC-4182-9219-56CAA3636D27}
	EndGlobalSection
EndGlobal
